
Microsoft Visual Studio Solution File, Format Version 12.00
# Visual Studio 15
VisualStudioVersion = 15.0.26730.8
MinimumVisualStudioVersion = 10.0.40219.1
Project("{FAE04EC0-301F-11D3-BF4B-00C04F79EFBC}") = "Project 2", "Project 2\Project 2.csproj", "{DF0A1692-CF3B-4A78-9F75-C2D6453C7F72}"
EndProject
Global
	GlobalSection(SolutionConfigurationPlatforms) = preSolution
		Debug|Any CPU = Debug|Any CPU
		Release|Any CPU = Release|Any CPU
	EndGlobalSection
	GlobalSection(ProjectConfigurationPlatforms) = postSolution
		{DF0A1692-CF3B-4A78-9F75-C2D6453C7F72}.Debug|Any CPU.ActiveCfg = Debug|Any CPU
		{DF0A1692-CF3B-4A78-9F75-C2D6453C7F72}.Debug|Any CPU.Build.0 = Debug|Any CPU
		{DF0A1692-CF3B-4A78-9F75-C2D6453C7F72}.Release|Any CPU.ActiveCfg = Release|Any CPU
		{DF0A1692-CF3B-4A78-9F75-C2D6453C7F72}.Release|Any CPU.Build.0 = Release|Any CPU
	EndGlobalSection
	GlobalSection(SolutionProperties) = preSolution
		HideSolutionNode = FALSE
	EndGlobalSection
	GlobalSection(ExtensibilityGlobals) = postSolution
		SolutionGuid = {C1DDD7FD-259C-42D1-B6B4-D43A77DEC25F}
	EndGlobalSection
EndGlobal
